
Microsoft Visual Studio Solution File, Format Version 12.00
# Visual Studio Version 16
VisualStudioVersion = 16.0.30204.135
MinimumVisualStudioVersion = 10.0.40219.1
Project("{FAE04EC0-301F-11D3-BF4B-00C04F79EFBC}") = "sample_3_14", "sample_3_14\sample_3_14.csproj", "{CDA29FCA-5E6B-4A77-A07F-A7A5BA46C497}"
EndProject
Global
	GlobalSection(SolutionConfigurationPlatforms) = preSolution
		Debug|Any CPU = Debug|Any CPU
		Release|Any CPU = Release|Any CPU
	EndGlobalSection
	GlobalSection(ProjectConfigurationPlatforms) = postSolution
		{CDA29FCA-5E6B-4A77-A07F-A7A5BA46C497}.Debug|Any CPU.ActiveCfg = Debug|Any CPU
		{CDA29FCA-5E6B-4A77-A07F-A7A5BA46C497}.Debug|Any CPU.Build.0 = Debug|Any CPU
		{CDA29FCA-5E6B-4A77-A07F-A7A5BA46C497}.Release|Any CPU.ActiveCfg = Release|Any CPU
		{CDA29FCA-5E6B-4A77-A07F-A7A5BA46C497}.Release|Any CPU.Build.0 = Release|Any CPU
	EndGlobalSection
	GlobalSection(SolutionProperties) = preSolution
		HideSolutionNode = FALSE
	EndGlobalSection
	GlobalSection(ExtensibilityGlobals) = postSolution
		SolutionGuid = {ACEAF9A3-5F87-49C7-B077-ED76BE354E16}
	EndGlobalSection
EndGlobal
